
Microsoft Visual Studio Solution File, Format Version 12.00
# Visual Studio Version 17
VisualStudioVersion = 17.9.34607.119
MinimumVisualStudioVersion = 10.0.40219.1
Project("{FAE04EC0-301F-11D3-BF4B-00C04F79EFBC}") = "Tetris", "Tetris\Tetris.csproj", "{D3B0454F-412E-4C61-AAD7-B7849F61371D}"
EndProject
Global
	GlobalSection(SolutionConfigurationPlatforms) = preSolution
		Debug|Any CPU = Debug|Any CPU
		Release|Any CPU = Release|Any CPU
	EndGlobalSection
	GlobalSection(ProjectConfigurationPlatforms) = postSolution
		{D3B0454F-412E-4C61-AAD7-B7849F61371D}.Debug|Any CPU.ActiveCfg = Debug|Any CPU
		{D3B0454F-412E-4C61-AAD7-B7849F61371D}.Debug|Any CPU.Build.0 = Debug|Any CPU
		{D3B0454F-412E-4C61-AAD7-B7849F61371D}.Release|Any CPU.ActiveCfg = Release|Any CPU
		{D3B0454F-412E-4C61-AAD7-B7849F61371D}.Release|Any CPU.Build.0 = Release|Any CPU
	EndGlobalSection
	GlobalSection(SolutionProperties) = preSolution
		HideSolutionNode = FALSE
	EndGlobalSection
	GlobalSection(ExtensibilityGlobals) = postSolution
		SolutionGuid = {6241E3AA-8204-4913-8613-FB02AF456325}
	EndGlobalSection
EndGlobal
